
Microsoft Visual Studio Solution File, Format Version 12.00
# Visual Studio Version 16
VisualStudioVersion = 16.0.33328.57
MinimumVisualStudioVersion = 10.0.40219.1
Project("{FAE04EC0-301F-11D3-BF4B-00C04F79EFBC}") = "AuthorProblem", "AuthorProblem\AuthorProblem.csproj", "{A7028929-0B61-43CE-AEE4-24FCA7B25942}"
EndProject
Global
	GlobalSection(SolutionConfigurationPlatforms) = preSolution
		Debug|Any CPU = Debug|Any CPU
		Release|Any CPU = Release|Any CPU
	EndGlobalSection
	GlobalSection(ProjectConfigurationPlatforms) = postSolution
		{A7028929-0B61-43CE-AEE4-24FCA7B25942}.Debug|Any CPU.ActiveCfg = Debug|Any CPU
		{A7028929-0B61-43CE-AEE4-24FCA7B25942}.Debug|Any CPU.Build.0 = Debug|Any CPU
		{A7028929-0B61-43CE-AEE4-24FCA7B25942}.Release|Any CPU.ActiveCfg = Release|Any CPU
		{A7028929-0B61-43CE-AEE4-24FCA7B25942}.Release|Any CPU.Build.0 = Release|Any CPU
	EndGlobalSection
	GlobalSection(SolutionProperties) = preSolution
		HideSolutionNode = FALSE
	EndGlobalSection
	GlobalSection(ExtensibilityGlobals) = postSolution
		SolutionGuid = {30FA2734-703F-4045-95F8-9949BE2C7B06}
	EndGlobalSection
EndGlobal
